// !$*UTF8*$!
{
	archiveVersion = 1;
	classes = {
	};
	objectVersion = 56;
	objects = {

/* Begin PBXBuildFile section */
		3F0C368A2BDD250B00837E07 /* lab2_dw_swiftApp.swift in Sources */ = {isa = PBXBuildFile; fileRef = 3F0C36892BDD250B00837E07 /* lab2_dw_swiftApp.swift */; };
		3F0C368C2BDD250B00837E07 /* ContentView.swift in Sources */ = {isa = PBXBuildFile; fileRef = 3F0C368B2BDD250B00837E07 /* ContentView.swift */; };
		3F0C368E2BDD250B00837E07 /* Assets.xcassets in Resources */ = {isa = PBXBuildFile; fileRef = 3F0C368D2BDD250B00837E07 /* Assets.xcassets */; };
		3F0C36912BDD250B00837E07 /* Preview Assets.xcassets in Resources */ = {isa = PBXBuildFile; fileRef = 3F0C36902BDD250B00837E07 /* Preview Assets.xcassets */; };
		3F0C369B2BDD250B00837E07 /* lab2_dw_swiftTests.swift in Sources */ = {isa = PBXBuildFile; fileRef = 3F0C369A2BDD250B00837E07 /* lab2_dw_swiftTests.swift */; };
		3F0C36A52BDD250B00837E07 /* lab2_dw_swiftUITests.swift in Sources */ = {isa = PBXBuildFile; fileRef = 3F0C36A42BDD250B00837E07 /* lab2_dw_swiftUITests.swift */; };
		3F0C36A72BDD250B00837E07 /* lab2_dw_swiftUITestsLaunchTests.swift in Sources */ = {isa = PBXBuildFile; fileRef = 3F0C36A62BDD250B00837E07 /* lab2_dw_swiftUITestsLaunchTests.swift */; };
		3F0C36B62BDD2A6100837E07 /* Card.swift in Sources */ = {isa = PBXBuildFile; fileRef = 3F0C36B52BDD2A6100837E07 /* Card.swift */; };
/* End PBXBuildFile section */

/* Begin PBXContainerItemProxy section */
		3F0C36972BDD250B00837E07 /* PBXContainerItemProxy */ = {
			isa = PBXContainerItemProxy;
			containerPortal = 3F0C367E2BDD250B00837E07 /* Project object */;
			proxyType = 1;
			remoteGlobalIDString = 3F0C36852BDD250B00837E07;
			remoteInfo = lab2_dw_swift;
		};
		3F0C36A12BDD250B00837E07 /* PBXContainerItemProxy */ = {
			isa = PBXContainerItemProxy;
			containerPortal = 3F0C367E2BDD250B00837E07 /* Project object */;
			proxyType = 1;
			remoteGlobalIDString = 3F0C36852BDD250B00837E07;
			remoteInfo = lab2_dw_swift;
		};
/* End PBXContainerItemProxy section */

/* Begin PBXFileReference section */
		3F0C36862BDD250B00837E07 /* lab2_dw_swift.app */ = {isa = PBXFileReference; explicitFileType = wrapper.application; includeInIndex = 0; path = lab2_dw_swift.app; sourceTree = BUILT_PRODUCTS_DIR; };
		3F0C36892BDD250B00837E07 /* lab2_dw_swiftApp.swift */ = {isa = PBXFileReference; lastKnownFileType = sourcecode.swift; path = lab2_dw_swiftApp.swift; sourceTree = "<group>"; };
		3F0C368B2BDD250B00837E07 /* ContentView.swift */ = {isa = PBXFileReference; lastKnownFileType = sourcecode.swift; path = ContentView.swift; sourceTree = "<group>"; };
		3F0C368D2BDD250B00837E07 /* Assets.xcassets */ = {isa = PBXFileReference; lastKnownFileType = folder.assetcatalog; path = Assets.xcassets; sourceTree = "<group>"; };
		3F0C36902BDD250B00837E07 /* Preview Assets.xcassets */ = {isa = PBXFileReference; lastKnownFileType = folder.assetcatalog; path = "Preview Assets.xcassets"; sourceTree = "<group>"; };
		3F0C36962BDD250B00837E07 /* lab2_dw_swiftTests.xctest */ = {isa = PBXFileReference; explicitFileType = wrapper.cfbundle; includeInIndex = 0; path = lab2_dw_swiftTests.xctest; sourceTree = BUILT_PRODUCTS_DIR; };
		3F0C369A2BDD250B00837E07 /* lab2_dw_swiftTests.swift */ = {isa = PBXFileReference; lastKnownFileType = sourcecode.swift; path = lab2_dw_swiftTests.swift; sourceTree = "<group>"; };
		3F0C36A02BDD250B00837E07 /* lab2_dw_swiftUITests.xctest */ = {isa = PBXFileReference; explicitFileType = wrapper.cfbundle; includeInIndex = 0; path = lab2_dw_swiftUITests.xctest; sourceTree = BUILT_PRODUCTS_DIR; };
		3F0C36A42BDD250B00837E07 /* lab2_dw_swiftUITests.swift */ = {isa = PBXFileReference; lastKnownFileType = sourcecode.swift; path = lab2_dw_swiftUITests.swift; sourceTree = "<group>"; };
		3F0C36A62BDD250B00837E07 /* lab2_dw_swiftUITestsLaunchTests.swift */ = {isa = PBXFileReference; lastKnownFileType = sourcecode.swift; path = lab2_dw_swiftUITestsLaunchTests.swift; sourceTree = "<group>"; };
		3F0C36B52BDD2A6100837E07 /* Card.swift */ = {isa = PBXFileReference; lastKnownFileType = sourcecode.swift; path = Card.swift; sourceTree = "<group>"; };
/* End PBXFileReference section */

/* Begin PBXFrameworksBuildPhase section */
		3F0C36832BDD250B00837E07 /* Frameworks */ = {
			isa = PBXFrameworksBuildPhase;
			buildActionMask = 2147483647;
			files = (
			);
			runOnlyForDeploymentPostprocessing = 0;
		};
		3F0C36932BDD250B00837E07 /* Frameworks */ = {
			isa = PBXFrameworksBuildPhase;
			buildActionMask = 2147483647;
			files = (
			);
			runOnlyForDeploymentPostprocessing = 0;
		};
		3F0C369D2BDD250B00837E07 /* Frameworks */ = {
			isa = PBXFrameworksBuildPhase;
			buildActionMask = 2147483647;
			files = (
			);
			runOnlyForDeploymentPostprocessing = 0;
		};
/* End PBXFrameworksBuildPhase section */

/* Begin PBXGroup section */
		3F0C367D2BDD250B00837E07 = {
			isa = PBXGroup;
			children = (
				3F0C36882BDD250B00837E07 /* lab2_dw_swift */,
				3F0C36992BDD250B00837E07 /* lab2_dw_swiftTests */,
				3F0C36A32BDD250B00837E07 /* lab2_dw_swiftUITests */,
				3F0C36872BDD250B00837E07 /* Products */,
			);
			sourceTree = "<group>";
		};
		3F0C36872BDD250B00837E07 /* Products */ = {
			isa = PBXGroup;
			children = (
				3F0C36862BDD250B00837E07 /* lab2_dw_swift.app */,
				3F0C36962BDD250B00837E07 /* lab2_dw_swiftTests.xctest */,
				3F0C36A02BDD250B00837E07 /* lab2_dw_swiftUITests.xctest */,
			);
			name = Products;
			sourceTree = "<group>";
		};
		3F0C36882BDD250B00837E07 /* lab2_dw_swift */ = {
			isa = PBXGroup;
			children = (
				3F0C36892BDD250B00837E07 /* lab2_dw_swiftApp.swift */,
				3F0C368B2BDD250B00837E07 /* ContentView.swift */,
				3F0C36B52BDD2A6100837E07 /* Card.swift */,
				3F0C368D2BDD250B00837E07 /* Assets.xcassets */,
				3F0C368F2BDD250B00837E07 /* Preview Content */,
			);
			path = lab2_dw_swift;
			sourceTree = "<group>";
		};
		3F0C368F2BDD250B00837E07 /* Preview Content */ = {
			isa = PBXGroup;
			children = (
				3F0C36902BDD250B00837E07 /* Preview Assets.xcassets */,
			);
			path = "Preview Content";
			sourceTree = "<group>";
		};
		3F0C36992BDD250B00837E07 /* lab2_dw_swiftTests */ = {
			isa = PBXGroup;
			children = (
				3F0C369A2BDD250B00837E07 /* lab2_dw_swiftTests.swift */,
			);
			path = lab2_dw_swiftTests;
			sourceTree = "<group>";
		};
		3F0C36A32BDD250B00837E07 /* lab2_dw_swiftUITests */ = {
			isa = PBXGroup;
			children = (
				3F0C36A42BDD250B00837E07 /* lab2_dw_swiftUITests.swift */,
				3F0C36A62BDD250B00837E07 /* lab2_dw_swiftUITestsLaunchTests.swift */,
			);
			path = lab2_dw_swiftUITests;
			sourceTree = "<group>";
		};
/* End PBXGroup section */

/* Begin PBXNativeTarget section */
		3F0C36852BDD250B00837E07 /* lab2_dw_swift */ = {
			isa = PBXNativeTarget;
			buildConfigurationList = 3F0C36AA2BDD250B00837E07 /* Build configuration list for PBXNativeTarget "lab2_dw_swift" */;
			buildPhases = (
				3F0C36822BDD250B00837E07 /* Sources */,
				3F0C36832BDD250B00837E07 /* Frameworks */,
				3F0C36842BDD250B00837E07 /* Resources */,
			);
			buildRules = (
			);
			dependencies = (
			);
			name = lab2_dw_swift;
			productName = lab2_dw_swift;
			productReference = 3F0C36862BDD250B00837E07 /* lab2_dw_swift.app */;
			productType = "com.apple.product-type.application";
		};
		3F0C36952BDD250B00837E07 /* lab2_dw_swiftTests */ = {
			isa = PBXNativeTarget;
			buildConfigurationList = 3F0C36AD2BDD250B00837E07 /* Build configuration list for PBXNativeTarget "lab2_dw_swiftTests" */;
			buildPhases = (
				3F0C36922BDD250B00837E07 /* Sources */,
				3F0C36932BDD250B00837E07 /* Frameworks */,
				3F0C36942BDD250B00837E07 /* Resources */,
			);
			buildRules = (
			);
			dependencies = (
				3F0C36982BDD250B00837E07 /* PBXTargetDependency */,
			);
			name = lab2_dw_swiftTests;
			productName = lab2_dw_swiftTests;
			productReference = 3F0C36962BDD250B00837E07 /* lab2_dw_swiftTests.xctest */;
			productType = "com.apple.product-type.bundle.unit-test";
		};
		3F0C369F2BDD250B00837E07 /* lab2_dw_swiftUITests */ = {
			isa = PBXNativeTarget;
			buildConfigurationList = 3F0C36B02BDD250B00837E07 /* Build configuration list for PBXNativeTarget "lab2_dw_swiftUITests" */;
			buildPhases = (
				3F0C369C2BDD250B00837E07 /* Sources */,
				3F0C369D2BDD250B00837E07 /* Frameworks */,
				3F0C369E2BDD250B00837E07 /* Resources */,
			);
			buildRules = (
			);
			dependencies = (
				3F0C36A22BDD250B00837E07 /* PBXTargetDependency */,
			);
			name = lab2_dw_swiftUITests;
			productName = lab2_dw_swiftUITests;
			productReference = 3F0C36A02BDD250B00837E07 /* lab2_dw_swiftUITests.xctest */;
			productType = "com.apple.product-type.bundle.ui-testing";
		};
/* End PBXNativeTarget section */

/* Begin PBXProject section */
		3F0C367E2BDD250B00837E07 /* Project object */ = {
			isa = PBXProject;
			attributes = {
				BuildIndependentTargetsInParallel = 1;
				LastSwiftUpdateCheck = 1500;
				LastUpgradeCheck = 1500;
				TargetAttributes = {
					3F0C36852BDD250B00837E07 = {
						CreatedOnToolsVersion = 15.0;
					};
					3F0C36952BDD250B00837E07 = {
						CreatedOnToolsVersion = 15.0;
						TestTargetID = 3F0C36852BDD250B00837E07;
					};
					3F0C369F2BDD250B00837E07 = {
						CreatedOnToolsVersion = 15.0;
						TestTargetID = 3F0C36852BDD250B00837E07;
					};
				};
			};
			buildConfigurationList = 3F0C36812BDD250B00837E07 /* Build configuration list for PBXProject "lab2_dw_swift" */;
			compatibilityVersion = "Xcode 14.0";
			developmentRegion = en;
			hasScannedForEncodings = 0;
			knownRegions = (
				en,
				Base,
			);
			mainGroup = 3F0C367D2BDD250B00837E07;
			productRefGroup = 3F0C36872BDD250B00837E07 /* Products */;
			projectDirPath = "";
			projectRoot = "";
			targets = (
				3F0C36852BDD250B00837E07 /* lab2_dw_swift */,
				3F0C36952BDD250B00837E07 /* lab2_dw_swiftTests */,
				3F0C369F2BDD250B00837E07 /* lab2_dw_swiftUITests */,
			);
		};
/* End PBXProject section */

/* Begin PBXResourcesBuildPhase section */
		3F0C36842BDD250B00837E07 /* Resources */ = {
			isa = PBXResourcesBuildPhase;
			buildActionMask = 2147483647;
			files = (
				3F0C36912BDD250B00837E07 /* Preview Assets.xcassets in Resources */,
				3F0C368E2BDD250B00837E07 /* Assets.xcassets in Resources */,
			);
			runOnlyForDeploymentPostprocessing = 0;
		};
		3F0C36942BDD250B00837E07 /* Resources */ = {
			isa = PBXResourcesBuildPhase;
			buildActionMask = 2147483647;
			files = (
			);
			runOnlyForDeploymentPostprocessing = 0;
		};
		3F0C369E2BDD250B00837E07 /* Resources */ = {
			isa = PBXResourcesBuildPhase;
			buildActionMask = 2147483647;
			files = (
			);
			runOnlyForDeploymentPostprocessing = 0;
		};
/* End PBXResourcesBuildPhase section */

/* Begin PBXSourcesBuildPhase section */
		3F0C36822BDD250B00837E07 /* Sources */ = {
			isa = PBXSourcesBuildPhase;
			buildActionMask = 2147483647;
			files = (
				3F0C368C2BDD250B00837E07 /* ContentView.swift in Sources */,
				3F0C36B62BDD2A6100837E07 /* Card.swift in Sources */,
				3F0C368A2BDD250B00837E07 /* lab2_dw_swiftApp.swift in Sources */,
			);
			runOnlyForDeploymentPostprocessing = 0;
		};
		3F0C36922BDD250B00837E07 /* Sources */ = {
			isa = PBXSourcesBuildPhase;
			buildActionMask = 2147483647;
			files = (
				3F0C369B2BDD250B00837E07 /* lab2_dw_swiftTests.swift in Sources */,
			);
			runOnlyForDeploymentPostprocessing = 0;
		};
		3F0C369C2BDD250B00837E07 /* Sources */ = {
			isa = PBXSourcesBuildPhase;
			buildActionMask = 2147483647;
			files = (
				3F0C36A72BDD250B00837E07 /* lab2_dw_swiftUITestsLaunchTests.swift in Sources */,
				3F0C36A52BDD250B00837E07 /* lab2_dw_swiftUITests.swift in Sources */,
			);
			runOnlyForDeploymentPostprocessing = 0;
		};
/* End PBXSourcesBuildPhase section */

/* Begin PBXTargetDependency section */
		3F0C36982BDD250B00837E07 /* PBXTargetDependency */ = {
			isa = PBXTargetDependency;
			target = 3F0C36852BDD250B00837E07 /* lab2_dw_swift */;
			targetProxy = 3F0C36972BDD250B00837E07 /* PBXContainerItemProxy */;
		};
		3F0C36A22BDD250B00837E07 /* PBXTargetDependency */ = {
			isa = PBXTargetDependency;
			target = 3F0C36852BDD250B00837E07 /* lab2_dw_swift */;
			targetProxy = 3F0C36A12BDD250B00837E07 /* PBXContainerItemProxy */;
		};
/* End PBXTargetDependency section */

/* Begin XCBuildConfiguration section */
		3F0C36A82BDD250B00837E07 /* Debug */ = {
			isa = XCBuildConfiguration;
			buildSettings = {
				ALWAYS_SEARCH_USER_PATHS = NO;
				ASSETCATALOG_COMPILER_GENERATE_SWIFT_ASSET_SYMBOL_EXTENSIONS = YES;
				CLANG_ANALYZER_NONNULL = YES;
				CLANG_ANALYZER_NUMBER_OBJECT_CONVERSION = YES_AGGRESSIVE;
				CLANG_CXX_LANGUAGE_STANDARD = "gnu++20";
				CLANG_ENABLE_MODULES = YES;
				CLANG_ENABLE_OBJC_ARC = YES;
				CLANG_ENABLE_OBJC_WEAK = YES;
				CLANG_WARN_BLOCK_CAPTURE_AUTORELEASING = YES;
				CLANG_WARN_BOOL_CONVERSION = YES;
				CLANG_WARN_COMMA = YES;
				CLANG_WARN_CONSTANT_CONVERSION = YES;
				CLANG_WARN_DEPRECATED_OBJC_IMPLEMENTATIONS = YES;
				CLANG_WARN_DIRECT_OBJC_ISA_USAGE = YES_ERROR;
				CLANG_WARN_DOCUMENTATION_COMMENTS = YES;
				CLANG_WARN_EMPTY_BODY = YES;
				CLANG_WARN_ENUM_CONVERSION = YES;
				CLANG_WARN_INFINITE_RECURSION = YES;
				CLANG_WARN_INT_CONVERSION = YES;
				CLANG_WARN_NON_LITERAL_NULL_CONVERSION = YES;
				CLANG_WARN_OBJC_IMPLICIT_RETAIN_SELF = YES;
				CLANG_WARN_OBJC_LITERAL_CONVERSION = YES;
				CLANG_WARN_OBJC_ROOT_CLASS = YES_ERROR;
				CLANG_WARN_QUOTED_INCLUDE_IN_FRAMEWORK_HEADER = YES;
				CLANG_WARN_RANGE_LOOP_ANALYSIS = YES;
				CLANG_WARN_STRICT_PROTOTYPES = YES;
				CLANG_WARN_SUSPICIOUS_MOVE = YES;
				CLANG_WARN_UNGUARDED_AVAILABILITY = YES_AGGRESSIVE;
				CLANG_WARN_UNREACHABLE_CODE = YES;
				CLANG_WARN__DUPLICATE_METHOD_MATCH = YES;
				COPY_PHASE_STRIP = NO;
				DEBUG_INFORMATION_FORMAT = dwarf;
				ENABLE_STRICT_OBJC_MSGSEND = YES;
				ENABLE_TESTABILITY = YES;
				ENABLE_USER_SCRIPT_SANDBOXING = YES;
				GCC_C_LANGUAGE_STANDARD = gnu17;
				GCC_DYNAMIC_NO_PIC = NO;
				GCC_NO_COMMON_BLOCKS = YES;
				GCC_OPTIMIZATION_LEVEL = 0;
				GCC_PREPROCESSOR_DEFINITIONS = (
					"DEBUG=1",
					"$(inherited)",
				);
				GCC_WARN_64_TO_32_BIT_CONVERSION = YES;
				GCC_WARN_ABOUT_RETURN_TYPE = YES_ERROR;
				GCC_WARN_UNDECLARED_SELECTOR = YES;
				GCC_WARN_UNINITIALIZED_AUTOS = YES_AGGRESSIVE;
				GCC_WARN_UNUSED_FUNCTION = YES;
				GCC_WARN_UNUSED_VARIABLE = YES;
				IPHONEOS_DEPLOYMENT_TARGET = 17.0;
				LOCALIZATION_PREFERS_STRING_CATALOGS = YES;
				MTL_ENABLE_DEBUG_INFO = INCLUDE_SOURCE;
				MTL_FAST_MATH = YES;
				ONLY_ACTIVE_ARCH = YES;
				SDKROOT = iphoneos;
				SWIFT_ACTIVE_COMPILATION_CONDITIONS = "DEBUG $(inherited)";
				SWIFT_OPTIMIZATION_LEVEL = "-Onone";
			};
			name = Debug;
		};
		3F0C36A92BDD250B00837E07 /* Release */ = {
			isa = XCBuildConfiguration;
			buildSettings = {
				ALWAYS_SEARCH_USER_PATHS = NO;
				ASSETCATALOG_COMPILER_GENERATE_SWIFT_ASSET_SYMBOL_EXTENSIONS = YES;
				CLANG_ANALYZER_NONNULL = YES;
				CLANG_ANALYZER_NUMBER_OBJECT_CONVERSION = YES_AGGRESSIVE;
				CLANG_CXX_LANGUAGE_STANDARD = "gnu++20";
				CLANG_ENABLE_MODULES = YES;
				CLANG_ENABLE_OBJC_ARC = YES;
				CLANG_ENABLE_OBJC_WEAK = YES;
				CLANG_WARN_BLOCK_CAPTURE_AUTORELEASING = YES;
				CLANG_WARN_BOOL_CONVERSION = YES;
				CLANG_WARN_COMMA = YES;
				CLANG_WARN_CONSTANT_CONVERSION = YES;
				CLANG_WARN_DEPRECATED_OBJC_IMPLEMENTATIONS = YES;
				CLANG_WARN_DIRECT_OBJC_ISA_USAGE = YES_ERROR;
				CLANG_WARN_DOCUMENTATION_COMMENTS = YES;
				CLANG_WARN_EMPTY_BODY = YES;
				CLANG_WARN_ENUM_CONVERSION = YES;
				CLANG_WARN_INFINITE_RECURSION = YES;
				CLANG_WARN_INT_CONVERSION = YES;
				CLANG_WARN_NON_LITERAL_NULL_CONVERSION = YES;
				CLANG_WARN_OBJC_IMPLICIT_RETAIN_SELF = YES;
				CLANG_WARN_OBJC_LITERAL_CONVERSION = YES;
				CLANG_WARN_OBJC_ROOT_CLASS = YES_ERROR;
				CLANG_WARN_QUOTED_INCLUDE_IN_FRAMEWORK_HEADER = YES;
				CLANG_WARN_RANGE_LOOP_ANALYSIS = YES;
				CLANG_WARN_STRICT_PROTOTYPES = YES;
				CLANG_WARN_SUSPICIOUS_MOVE = YES;
				CLANG_WARN_UNGUARDED_AVAILABILITY = YES_AGGRESSIVE;
				CLANG_WARN_UNREACHABLE_CODE = YES;
				CLANG_WARN__DUPLICATE_METHOD_MATCH = YES;
				COPY_PHASE_STRIP = NO;
				DEBUG_INFORMATION_FORMAT = "dwarf-with-dsym";
				ENABLE_NS_ASSERTIONS = NO;
				ENABLE_STRICT_OBJC_MSGSEND = YES;
				ENABLE_USER_SCRIPT_SANDBOXING = YES;
				GCC_C_LANGUAGE_STANDARD = gnu17;
				GCC_NO_COMMON_BLOCKS = YES;
				GCC_WARN_64_TO_32_BIT_CONVERSION = YES;
				GCC_WARN_ABOUT_RETURN_TYPE = YES_ERROR;
				GCC_WARN_UNDECLARED_SELECTOR = YES;
				GCC_WARN_UNINITIALIZED_AUTOS = YES_AGGRESSIVE;
				GCC_WARN_UNUSED_FUNCTION = YES;
				GCC_WARN_UNUSED_VARIABLE = YES;
				IPHONEOS_DEPLOYMENT_TARGET = 17.0;
				LOCALIZATION_PREFERS_STRING_CATALOGS = YES;
				MTL_ENABLE_DEBUG_INFO = NO;
				MTL_FAST_MATH = YES;
				SDKROOT = iphoneos;
				SWIFT_COMPILATION_MODE = wholemodule;
				VALIDATE_PRODUCT = YES;
			};
			name = Release;
		};
		3F0C36AB2BDD250B00837E07 /* Debug */ = {
			isa = XCBuildConfiguration;
			buildSettings = {
				ASSETCATALOG_COMPILER_APPICON_NAME = AppIcon;
				ASSETCATALOG_COMPILER_GLOBAL_ACCENT_COLOR_NAME = AccentColor;
				CODE_SIGN_STYLE = Automatic;
				CURRENT_PROJECT_VERSION = 1;
				DEVELOPMENT_ASSET_PATHS = "\"lab2_dw_swift/Preview Content\"";
				ENABLE_PREVIEWS = YES;
				GENERATE_INFOPLIST_FILE = YES;
				INFOPLIST_KEY_UIApplicationSceneManifest_Generation = YES;
				INFOPLIST_KEY_UIApplicationSupportsIndirectInputEvents = YES;
				INFOPLIST_KEY_UILaunchScreen_Generation = YES;
				INFOPLIST_KEY_UISupportedInterfaceOrientations_iPad = "UIInterfaceOrientationPortrait UIInterfaceOrientationPortraitUpsideDown UIInterfaceOrientationLandscapeLeft UIInterfaceOrientationLandscapeRight";
				INFOPLIST_KEY_UISupportedInterfaceOrientations_iPhone = "UIInterfaceOrientationPortrait UIInterfaceOrientationLandscapeLeft UIInterfaceOrientationLandscapeRight";
				LD_RUNPATH_SEARCH_PATHS = (
					"$(inherited)",
					"@executable_path/Frameworks",
				);
				MARKETING_VERSION = 1.0;
				PRODUCT_BUNDLE_IDENTIFIER = "pollub.lab2-dw-swift";
				PRODUCT_NAME = "$(TARGET_NAME)";
				SWIFT_EMIT_LOC_STRINGS = YES;
				SWIFT_VERSION = 5.0;
				TARGETED_DEVICE_FAMILY = "1,2";
			};
			name = Debug;
		};
		3F0C36AC2BDD250B00837E07 /* Release */ = {
			isa = XCBuildConfiguration;
			buildSettings = {
				ASSETCATALOG_COMPILER_APPICON_NAME = AppIcon;
				ASSETCATALOG_COMPILER_GLOBAL_ACCENT_COLOR_NAME = AccentColor;
				CODE_SIGN_STYLE = Automatic;
				CURRENT_PROJECT_VERSION = 1;
				DEVELOPMENT_ASSET_PATHS = "\"lab2_dw_swift/Preview Content\"";
				ENABLE_PREVIEWS = YES;
				GENERATE_INFOPLIST_FILE = YES;
				INFOPLIST_KEY_UIApplicationSceneManifest_Generation = YES;
				INFOPLIST_KEY_UIApplicationSupportsIndirectInputEvents = YES;
				INFOPLIST_KEY_UILaunchScreen_Generation = YES;
				INFOPLIST_KEY_UISupportedInterfaceOrientations_iPad = "UIInterfaceOrientationPortrait UIInterfaceOrientationPortraitUpsideDown UIInterfaceOrientationLandscapeLeft UIInterfaceOrientationLandscapeRight";
				INFOPLIST_KEY_UISupportedInterfaceOrientations_iPhone = "UIInterfaceOrientationPortrait UIInterfaceOrientationLandscapeLeft UIInterfaceOrientationLandscapeRight";
				LD_RUNPATH_SEARCH_PATHS = (
					"$(inherited)",
					"@executable_path/Frameworks",
				);
				MARKETING_VERSION = 1.0;
				PRODUCT_BUNDLE_IDENTIFIER = "pollub.lab2-dw-swift";
				PRODUCT_NAME = "$(TARGET_NAME)";
				SWIFT_EMIT_LOC_STRINGS = YES;
				SWIFT_VERSION = 5.0;
				TARGETED_DEVICE_FAMILY = "1,2";
			};
			name = Release;
		};
		3F0C36AE2BDD250B00837E07 /* Debug */ = {
			isa = XCBuildConfiguration;
			buildSettings = {
				ALWAYS_EMBED_SWIFT_STANDARD_LIBRARIES = YES;
				BUNDLE_LOADER = "$(TEST_HOST)";
				CODE_SIGN_STYLE = Automatic;
				CURRENT_PROJECT_VERSION = 1;
				GENERATE_INFOPLIST_FILE = YES;
				IPHONEOS_DEPLOYMENT_TARGET = 17.0;
				MARKETING_VERSION = 1.0;
				PRODUCT_BUNDLE_IDENTIFIER = "pollub.lab2-dw-swiftTests";
				PRODUCT_NAME = "$(TARGET_NAME)";
				SWIFT_EMIT_LOC_STRINGS = NO;
				SWIFT_VERSION = 5.0;
				TARGETED_DEVICE_FAMILY = "1,2";
				TEST_HOST = "$(BUILT_PRODUCTS_DIR)/lab2_dw_swift.app/$(BUNDLE_EXECUTABLE_FOLDER_PATH)/lab2_dw_swift";
			};
			name = Debug;
		};
		3F0C36AF2BDD250B00837E07 /* Release */ = {
			isa = XCBuildConfiguration;
			buildSettings = {
				ALWAYS_EMBED_SWIFT_STANDARD_LIBRARIES = YES;
				BUNDLE_LOADER = "$(TEST_HOST)";
				CODE_SIGN_STYLE = Automatic;
				CURRENT_PROJECT_VERSION = 1;
				GENERATE_INFOPLIST_FILE = YES;
				IPHONEOS_DEPLOYMENT_TARGET = 17.0;
				MARKETING_VERSION = 1.0;
				PRODUCT_BUNDLE_IDENTIFIER = "pollub.lab2-dw-swiftTests";
				PRODUCT_NAME = "$(TARGET_NAME)";
				SWIFT_EMIT_LOC_STRINGS = NO;
				SWIFT_VERSION = 5.0;
				TARGETED_DEVICE_FAMILY = "1,2";
				TEST_HOST = "$(BUILT_PRODUCTS_DIR)/lab2_dw_swift.app/$(BUNDLE_EXECUTABLE_FOLDER_PATH)/lab2_dw_swift";
			};
			name = Release;
		};
		3F0C36B12BDD250B00837E07 /* Debug */ = {
			isa = XCBuildConfiguration;
			buildSettings = {
				ALWAYS_EMBED_SWIFT_STANDARD_LIBRARIES = YES;
				CODE_SIGN_STYLE = Automatic;
				CURRENT_PROJECT_VERSION = 1;
				GENERATE_INFOPLIST_FILE = YES;
				MARKETING_VERSION = 1.0;
				PRODUCT_BUNDLE_IDENTIFIER = "pollub.lab2-dw-swiftUITests";
				PRODUCT_NAME = "$(TARGET_NAME)";
				SWIFT_EMIT_LOC_STRINGS = NO;
				SWIFT_VERSION = 5.0;
				TARGETED_DEVICE_FAMILY = "1,2";
				TEST_TARGET_NAME = lab2_dw_swift;
			};
			name = Debug;
		};
		3F0C36B22BDD250B00837E07 /* Release */ = {
			isa = XCBuildConfiguration;
			buildSettings = {
				ALWAYS_EMBED_SWIFT_STANDARD_LIBRARIES = YES;
				CODE_SIGN_STYLE = Automatic;
				CURRENT_PROJECT_VERSION = 1;
				GENERATE_INFOPLIST_FILE = YES;
				MARKETING_VERSION = 1.0;
				PRODUCT_BUNDLE_IDENTIFIER = "pollub.lab2-dw-swiftUITests";
				PRODUCT_NAME = "$(TARGET_NAME)";
				SWIFT_EMIT_LOC_STRINGS = NO;
				SWIFT_VERSION = 5.0;
				TARGETED_DEVICE_FAMILY = "1,2";
				TEST_TARGET_NAME = lab2_dw_swift;
			};
			name = Release;
		};
/* End XCBuildConfiguration section */

/* Begin XCConfigurationList section */
		3F0C36812BDD250B00837E07 /* Build configuration list for PBXProject "lab2_dw_swift" */ = {
			isa = XCConfigurationList;
			buildConfigurations = (
				3F0C36A82BDD250B00837E07 /* Debug */,
				3F0C36A92BDD250B00837E07 /* Release */,
			);
			defaultConfigurationIsVisible = 0;
			defaultConfigurationName = Release;
		};
		3F0C36AA2BDD250B00837E07 /* Build configuration list for PBXNativeTarget "lab2_dw_swift" */ = {
			isa = XCConfigurationList;
			buildConfigurations = (
				3F0C36AB2BDD250B00837E07 /* Debug */,
				3F0C36AC2BDD250B00837E07 /* Release */,
			);
			defaultConfigurationIsVisible = 0;
			defaultConfigurationName = Release;
		};
		3F0C36AD2BDD250B00837E07 /* Build configuration list for PBXNativeTarget "lab2_dw_swiftTests" */ = {
			isa = XCConfigurationList;
			buildConfigurations = (
				3F0C36AE2BDD250B00837E07 /* Debug */,
				3F0C36AF2BDD250B00837E07 /* Release */,
			);
			defaultConfigurationIsVisible = 0;
			defaultConfigurationName = Release;
		};
		3F0C36B02BDD250B00837E07 /* Build configuration list for PBXNativeTarget "lab2_dw_swiftUITests" */ = {
			isa = XCConfigurationList;
			buildConfigurations = (
				3F0C36B12BDD250B00837E07 /* Debug */,
				3F0C36B22BDD250B00837E07 /* Release */,
			);
			defaultConfigurationIsVisible = 0;
			defaultConfigurationName = Release;
		};
/* End XCConfigurationList section */
	};
	rootObject = 3F0C367E2BDD250B00837E07 /* Project object */;
}
